
Microsoft Visual Studio Solution File, Format Version 12.00
# Visual Studio Version 17
VisualStudioVersion = 17.1.32407.343
MinimumVisualStudioVersion = 10.0.40219.1
Project("{FAE04EC0-301F-11D3-BF4B-00C04F79EFBC}") = "PSCH", "PSCH\PSCH.csproj", "{32F99D5E-C6C1-4602-8F74-B047A4DAD7EE}"
EndProject
Global
	GlobalSection(SolutionConfigurationPlatforms) = preSolution
		Debug|Any CPU = Debug|Any CPU
		Release|Any CPU = Release|Any CPU
	EndGlobalSection
	GlobalSection(ProjectConfigurationPlatforms) = postSolution
		{32F99D5E-C6C1-4602-8F74-B047A4DAD7EE}.Debug|Any CPU.ActiveCfg = Debug|Any CPU
		{32F99D5E-C6C1-4602-8F74-B047A4DAD7EE}.Debug|Any CPU.Build.0 = Debug|Any CPU
		{32F99D5E-C6C1-4602-8F74-B047A4DAD7EE}.Release|Any CPU.ActiveCfg = Release|Any CPU
		{32F99D5E-C6C1-4602-8F74-B047A4DAD7EE}.Release|Any CPU.Build.0 = Release|Any CPU
	EndGlobalSection
	GlobalSection(SolutionProperties) = preSolution
		HideSolutionNode = FALSE
	EndGlobalSection
	GlobalSection(ExtensibilityGlobals) = postSolution
		SolutionGuid = {E298BEDD-D18C-48F7-8DAE-07E1541DEA75}
	EndGlobalSection
EndGlobal
